// !$*UTF8*$!
{
	archiveVersion = 1;
	classes = {
	};
	objectVersion = 56;
	objects = {

/* Begin PBXBuildFile section */
		631F2F392A2B5AF6002A826D /* HandSigns.mlmodel in Sources */ = {isa = PBXBuildFile; fileRef = 631F2F382A2B5AF6002A826D /* HandSigns.mlmodel */; };
		631F2F3D2A2B8B1A002A826D /* PlayerAttribute.swift in Sources */ = {isa = PBXBuildFile; fileRef = 631F2F3C2A2B8B1A002A826D /* PlayerAttribute.swift */; };
		63A80BA72A287D0D00DEF60B /* AppDelegate.swift in Sources */ = {isa = PBXBuildFile; fileRef = 63A80BA62A287D0D00DEF60B /* AppDelegate.swift */; };
		63A80BA92A287D0D00DEF60B /* SceneDelegate.swift in Sources */ = {isa = PBXBuildFile; fileRef = 63A80BA82A287D0D00DEF60B /* SceneDelegate.swift */; };
		63A80BAE2A287D0D00DEF60B /* Main.storyboard in Resources */ = {isa = PBXBuildFile; fileRef = 63A80BAC2A287D0D00DEF60B /* Main.storyboard */; };
		63A80BB02A287D0D00DEF60B /* Assets.xcassets in Resources */ = {isa = PBXBuildFile; fileRef = 63A80BAF2A287D0D00DEF60B /* Assets.xcassets */; };
		63A80BB32A287D0D00DEF60B /* LaunchScreen.storyboard in Resources */ = {isa = PBXBuildFile; fileRef = 63A80BB12A287D0D00DEF60B /* LaunchScreen.storyboard */; };
		63A80BBB2A28823F00DEF60B /* HomeViewController.swift in Sources */ = {isa = PBXBuildFile; fileRef = 63A80BBA2A28823F00DEF60B /* HomeViewController.swift */; };
		63CE3FD22A308F8F009F0D13 /* SwitchCase.swift in Sources */ = {isa = PBXBuildFile; fileRef = 63CE3FD12A308F8F009F0D13 /* SwitchCase.swift */; };
		9A46FF92D84CD8A2FAE0F44D /* Pods_BBP.framework in Frameworks */ = {isa = PBXBuildFile; fileRef = AE3E5FC6ECF86F04558DE28F /* Pods_BBP.framework */; };
/* End PBXBuildFile section */

/* Begin PBXFileReference section */
		50ABE3490325072B560D2A13 /* Pods-BBP.debug.xcconfig */ = {isa = PBXFileReference; includeInIndex = 1; lastKnownFileType = text.xcconfig; name = "Pods-BBP.debug.xcconfig"; path = "Target Support Files/Pods-BBP/Pods-BBP.debug.xcconfig"; sourceTree = "<group>"; };
		631F2F382A2B5AF6002A826D /* HandSigns.mlmodel */ = {isa = PBXFileReference; lastKnownFileType = file.mlmodel; path = HandSigns.mlmodel; sourceTree = "<group>"; };
		631F2F3C2A2B8B1A002A826D /* PlayerAttribute.swift */ = {isa = PBXFileReference; fileEncoding = 4; lastKnownFileType = sourcecode.swift; path = PlayerAttribute.swift; sourceTree = "<group>"; };
		63A80BA32A287D0D00DEF60B /* BBP.app */ = {isa = PBXFileReference; explicitFileType = wrapper.application; includeInIndex = 0; path = BBP.app; sourceTree = BUILT_PRODUCTS_DIR; };
		63A80BA62A287D0D00DEF60B /* AppDelegate.swift */ = {isa = PBXFileReference; lastKnownFileType = sourcecode.swift; path = AppDelegate.swift; sourceTree = "<group>"; };
		63A80BA82A287D0D00DEF60B /* SceneDelegate.swift */ = {isa = PBXFileReference; lastKnownFileType = sourcecode.swift; path = SceneDelegate.swift; sourceTree = "<group>"; };
		63A80BAD2A287D0D00DEF60B /* Base */ = {isa = PBXFileReference; lastKnownFileType = file.storyboard; name = Base; path = Base.lproj/Main.storyboard; sourceTree = "<group>"; };
		63A80BAF2A287D0D00DEF60B /* Assets.xcassets */ = {isa = PBXFileReference; lastKnownFileType = folder.assetcatalog; path = Assets.xcassets; sourceTree = "<group>"; };
		63A80BB22A287D0D00DEF60B /* Base */ = {isa = PBXFileReference; lastKnownFileType = file.storyboard; name = Base; path = Base.lproj/LaunchScreen.storyboard; sourceTree = "<group>"; };
		63A80BB42A287D0D00DEF60B /* Info.plist */ = {isa = PBXFileReference; lastKnownFileType = text.plist.xml; path = Info.plist; sourceTree = "<group>"; };
		63A80BBA2A28823F00DEF60B /* HomeViewController.swift */ = {isa = PBXFileReference; lastKnownFileType = sourcecode.swift; path = HomeViewController.swift; sourceTree = "<group>"; };
		63CE3FD12A308F8F009F0D13 /* SwitchCase.swift */ = {isa = PBXFileReference; fileEncoding = 4; lastKnownFileType = sourcecode.swift; path = SwitchCase.swift; sourceTree = "<group>"; };
		A2BB31DA6F121AF85E5437C2 /* Pods-BBP.release.xcconfig */ = {isa = PBXFileReference; includeInIndex = 1; lastKnownFileType = text.xcconfig; name = "Pods-BBP.release.xcconfig"; path = "Target Support Files/Pods-BBP/Pods-BBP.release.xcconfig"; sourceTree = "<group>"; };
		AE3E5FC6ECF86F04558DE28F /* Pods_BBP.framework */ = {isa = PBXFileReference; explicitFileType = wrapper.framework; includeInIndex = 0; path = Pods_BBP.framework; sourceTree = BUILT_PRODUCTS_DIR; };
/* End PBXFileReference section */

/* Begin PBXFrameworksBuildPhase section */
		63A80BA02A287D0D00DEF60B /* Frameworks */ = {
			isa = PBXFrameworksBuildPhase;
			buildActionMask = 2147483647;
			files = (
				9A46FF92D84CD8A2FAE0F44D /* Pods_BBP.framework in Frameworks */,
			);
			runOnlyForDeploymentPostprocessing = 0;
		};
/* End PBXFrameworksBuildPhase section */

/* Begin PBXGroup section */
		1D949CD8FA9F24B96D825386 /* Frameworks */ = {
			isa = PBXGroup;
			children = (
				AE3E5FC6ECF86F04558DE28F /* Pods_BBP.framework */,
			);
			name = Frameworks;
			sourceTree = "<group>";
		};
		635B9FF12A30B714005015CA /* Model */ = {
			isa = PBXGroup;
			children = (
				631F2F3C2A2B8B1A002A826D /* PlayerAttribute.swift */,
				631F2F382A2B5AF6002A826D /* HandSigns.mlmodel */,
				63CE3FD12A308F8F009F0D13 /* SwitchCase.swift */,
			);
			path = Model;
			sourceTree = "<group>";
		};
		635B9FF22A30B73F005015CA /* controler */ = {
			isa = PBXGroup;
			children = (
				63A80BBA2A28823F00DEF60B /* HomeViewController.swift */,
			);
			path = controler;
			sourceTree = "<group>";
		};
		63A80B9A2A287D0C00DEF60B = {
			isa = PBXGroup;
			children = (
				63A80BA52A287D0D00DEF60B /* BBP */,
				63A80BA42A287D0D00DEF60B /* Products */,
				AD01561ACFE821B19DA2AF45 /* Pods */,
				1D949CD8FA9F24B96D825386 /* Frameworks */,
			);
			sourceTree = "<group>";
		};
		63A80BA42A287D0D00DEF60B /* Products */ = {
			isa = PBXGroup;
			children = (
				63A80BA32A287D0D00DEF60B /* BBP.app */,
			);
			name = Products;
			sourceTree = "<group>";
		};
		63A80BA52A287D0D00DEF60B /* BBP */ = {
			isa = PBXGroup;
			children = (
				63A80BA62A287D0D00DEF60B /* AppDelegate.swift */,
				635B9FF22A30B73F005015CA /* controler */,
				635B9FF12A30B714005015CA /* Model */,
				63A80BA82A287D0D00DEF60B /* SceneDelegate.swift */,
				63A80BAC2A287D0D00DEF60B /* Main.storyboard */,
				63A80BAF2A287D0D00DEF60B /* Assets.xcassets */,
				63A80BB12A287D0D00DEF60B /* LaunchScreen.storyboard */,
				63A80BB42A287D0D00DEF60B /* Info.plist */,
			);
			path = BBP;
			sourceTree = "<group>";
		};
		AD01561ACFE821B19DA2AF45 /* Pods */ = {
			isa = PBXGroup;
			children = (
				50ABE3490325072B560D2A13 /* Pods-BBP.debug.xcconfig */,
				A2BB31DA6F121AF85E5437C2 /* Pods-BBP.release.xcconfig */,
			);
			path = Pods;
			sourceTree = "<group>";
		};
/* End PBXGroup section */

/* Begin PBXNativeTarget section */
		63A80BA22A287D0D00DEF60B /* BBP */ = {
			isa = PBXNativeTarget;
			buildConfigurationList = 63A80BB72A287D0D00DEF60B /* Build configuration list for PBXNativeTarget "BBP" */;
			buildPhases = (
				4EBD9F3A2793E6D0DB7D22E6 /* [CP] Check Pods Manifest.lock */,
				63A80B9F2A287D0D00DEF60B /* Sources */,
				63A80BA02A287D0D00DEF60B /* Frameworks */,
				63A80BA12A287D0D00DEF60B /* Resources */,
				E8FE5991DDC45E4C903BC453 /* [CP] Embed Pods Frameworks */,
			);
			buildRules = (
			);
			dependencies = (
			);
			name = BBP;
			productName = BBP;
			productReference = 63A80BA32A287D0D00DEF60B /* BBP.app */;
			productType = "com.apple.product-type.application";
		};
/* End PBXNativeTarget section */

/* Begin PBXProject section */
		63A80B9B2A287D0C00DEF60B /* Project object */ = {
			isa = PBXProject;
			attributes = {
				BuildIndependentTargetsInParallel = 1;
				LastSwiftUpdateCheck = 1430;
				LastUpgradeCheck = 1430;
				TargetAttributes = {
					63A80BA22A287D0D00DEF60B = {
						CreatedOnToolsVersion = 14.3;
					};
				};
			};
			buildConfigurationList = 63A80B9E2A287D0C00DEF60B /* Build configuration list for PBXProject "BBP" */;
			compatibilityVersion = "Xcode 14.0";
			developmentRegion = en;
			hasScannedForEncodings = 0;
			knownRegions = (
				en,
				Base,
			);
			mainGroup = 63A80B9A2A287D0C00DEF60B;
			productRefGroup = 63A80BA42A287D0D00DEF60B /* Products */;
			projectDirPath = "";
			projectRoot = "";
			targets = (
				63A80BA22A287D0D00DEF60B /* BBP */,
			);
		};
/* End PBXProject section */

/* Begin PBXResourcesBuildPhase section */
		63A80BA12A287D0D00DEF60B /* Resources */ = {
			isa = PBXResourcesBuildPhase;
			buildActionMask = 2147483647;
			files = (
				63A80BB32A287D0D00DEF60B /* LaunchScreen.storyboard in Resources */,
				63A80BB02A287D0D00DEF60B /* Assets.xcassets in Resources */,
				63A80BAE2A287D0D00DEF60B /* Main.storyboard in Resources */,
			);
			runOnlyForDeploymentPostprocessing = 0;
		};
/* End PBXResourcesBuildPhase section */

/* Begin PBXShellScriptBuildPhase section */
		4EBD9F3A2793E6D0DB7D22E6 /* [CP] Check Pods Manifest.lock */ = {
			isa = PBXShellScriptBuildPhase;
			buildActionMask = 2147483647;
			files = (
			);
			inputFileListPaths = (
			);
			inputPaths = (
				"${PODS_PODFILE_DIR_PATH}/Podfile.lock",
				"${PODS_ROOT}/Manifest.lock",
			);
			name = "[CP] Check Pods Manifest.lock";
			outputFileListPaths = (
			);
			outputPaths = (
				"$(DERIVED_FILE_DIR)/Pods-BBP-checkManifestLockResult.txt",
			);
			runOnlyForDeploymentPostprocessing = 0;
			shellPath = /bin/sh;
			shellScript = "diff \"${PODS_PODFILE_DIR_PATH}/Podfile.lock\" \"${PODS_ROOT}/Manifest.lock\" > /dev/null\nif [ $? != 0 ] ; then\n    # print error to STDERR\n    echo \"error: The sandbox is not in sync with the Podfile.lock. Run 'pod install' or update your CocoaPods installation.\" >&2\n    exit 1\nfi\n# This output is used by Xcode 'outputs' to avoid re-running this script phase.\necho \"SUCCESS\" > \"${SCRIPT_OUTPUT_FILE_0}\"\n";
			showEnvVarsInLog = 0;
		};
		E8FE5991DDC45E4C903BC453 /* [CP] Embed Pods Frameworks */ = {
			isa = PBXShellScriptBuildPhase;
			buildActionMask = 2147483647;
			files = (
			);
			inputFileListPaths = (
				"${PODS_ROOT}/Target Support Files/Pods-BBP/Pods-BBP-frameworks-${CONFIGURATION}-input-files.xcfilelist",
			);
			name = "[CP] Embed Pods Frameworks";
			outputFileListPaths = (
				"${PODS_ROOT}/Target Support Files/Pods-BBP/Pods-BBP-frameworks-${CONFIGURATION}-output-files.xcfilelist",
			);
			runOnlyForDeploymentPostprocessing = 0;
			shellPath = /bin/sh;
			shellScript = "\"${PODS_ROOT}/Target Support Files/Pods-BBP/Pods-BBP-frameworks.sh\"\n";
			showEnvVarsInLog = 0;
		};
/* End PBXShellScriptBuildPhase section */

/* Begin PBXSourcesBuildPhase section */
		63A80B9F2A287D0D00DEF60B /* Sources */ = {
			isa = PBXSourcesBuildPhase;
			buildActionMask = 2147483647;
			files = (
				631F2F392A2B5AF6002A826D /* HandSigns.mlmodel in Sources */,
				63A80BA72A287D0D00DEF60B /* AppDelegate.swift in Sources */,
				63A80BA92A287D0D00DEF60B /* SceneDelegate.swift in Sources */,
				63A80BBB2A28823F00DEF60B /* HomeViewController.swift in Sources */,
				631F2F3D2A2B8B1A002A826D /* PlayerAttribute.swift in Sources */,
				63CE3FD22A308F8F009F0D13 /* SwitchCase.swift in Sources */,
			);
			runOnlyForDeploymentPostprocessing = 0;
		};
/* End PBXSourcesBuildPhase section */

/* Begin PBXVariantGroup section */
		63A80BAC2A287D0D00DEF60B /* Main.storyboard */ = {
			isa = PBXVariantGroup;
			children = (
				63A80BAD2A287D0D00DEF60B /* Base */,
			);
			name = Main.storyboard;
			sourceTree = "<group>";
		};
		63A80BB12A287D0D00DEF60B /* LaunchScreen.storyboard */ = {
			isa = PBXVariantGroup;
			children = (
				63A80BB22A287D0D00DEF60B /* Base */,
			);
			name = LaunchScreen.storyboard;
			sourceTree = "<group>";
		};
/* End PBXVariantGroup section */

/* Begin XCBuildConfiguration section */
		63A80BB52A287D0D00DEF60B /* Debug */ = {
			isa = XCBuildConfiguration;
			buildSettings = {
				ALWAYS_SEARCH_USER_PATHS = NO;
				CLANG_ANALYZER_NONNULL = YES;
				CLANG_ANALYZER_NUMBER_OBJECT_CONVERSION = YES_AGGRESSIVE;
				CLANG_CXX_LANGUAGE_STANDARD = "gnu++20";
				CLANG_ENABLE_MODULES = YES;
				CLANG_ENABLE_OBJC_ARC = YES;
				CLANG_ENABLE_OBJC_WEAK = YES;
				CLANG_WARN_BLOCK_CAPTURE_AUTORELEASING = YES;
				CLANG_WARN_BOOL_CONVERSION = YES;
				CLANG_WARN_COMMA = YES;
				CLANG_WARN_CONSTANT_CONVERSION = YES;
				CLANG_WARN_DEPRECATED_OBJC_IMPLEMENTATIONS = YES;
				CLANG_WARN_DIRECT_OBJC_ISA_USAGE = YES_ERROR;
				CLANG_WARN_DOCUMENTATION_COMMENTS = YES;
				CLANG_WARN_EMPTY_BODY = YES;
				CLANG_WARN_ENUM_CONVERSION = YES;
				CLANG_WARN_INFINITE_RECURSION = YES;
				CLANG_WARN_INT_CONVERSION = YES;
				CLANG_WARN_NON_LITERAL_NULL_CONVERSION = YES;
				CLANG_WARN_OBJC_IMPLICIT_RETAIN_SELF = YES;
				CLANG_WARN_OBJC_LITERAL_CONVERSION = YES;
				CLANG_WARN_OBJC_ROOT_CLASS = YES_ERROR;
				CLANG_WARN_QUOTED_INCLUDE_IN_FRAMEWORK_HEADER = YES;
				CLANG_WARN_RANGE_LOOP_ANALYSIS = YES;
				CLANG_WARN_STRICT_PROTOTYPES = YES;
				CLANG_WARN_SUSPICIOUS_MOVE = YES;
				CLANG_WARN_UNGUARDED_AVAILABILITY = YES_AGGRESSIVE;
				CLANG_WARN_UNREACHABLE_CODE = YES;
				CLANG_WARN__DUPLICATE_METHOD_MATCH = YES;
				COPY_PHASE_STRIP = NO;
				DEBUG_INFORMATION_FORMAT = dwarf;
				ENABLE_STRICT_OBJC_MSGSEND = YES;
				ENABLE_TESTABILITY = YES;
				GCC_C_LANGUAGE_STANDARD = gnu11;
				GCC_DYNAMIC_NO_PIC = NO;
				GCC_NO_COMMON_BLOCKS = YES;
				GCC_OPTIMIZATION_LEVEL = 0;
				GCC_PREPROCESSOR_DEFINITIONS = (
					"DEBUG=1",
					"$(inherited)",
				);
				GCC_WARN_64_TO_32_BIT_CONVERSION = YES;
				GCC_WARN_ABOUT_RETURN_TYPE = YES_ERROR;
				GCC_WARN_UNDECLARED_SELECTOR = YES;
				GCC_WARN_UNINITIALIZED_AUTOS = YES_AGGRESSIVE;
				GCC_WARN_UNUSED_FUNCTION = YES;
				GCC_WARN_UNUSED_VARIABLE = YES;
				IPHONEOS_DEPLOYMENT_TARGET = 16.4;
				MTL_ENABLE_DEBUG_INFO = INCLUDE_SOURCE;
				MTL_FAST_MATH = YES;
				ONLY_ACTIVE_ARCH = YES;
				SDKROOT = iphoneos;
				SWIFT_ACTIVE_COMPILATION_CONDITIONS = DEBUG;
				SWIFT_OPTIMIZATION_LEVEL = "-Onone";
			};
			name = Debug;
		};
		63A80BB62A287D0D00DEF60B /* Release */ = {
			isa = XCBuildConfiguration;
			buildSettings = {
				ALWAYS_SEARCH_USER_PATHS = NO;
				CLANG_ANALYZER_NONNULL = YES;
				CLANG_ANALYZER_NUMBER_OBJECT_CONVERSION = YES_AGGRESSIVE;
				CLANG_CXX_LANGUAGE_STANDARD = "gnu++20";
				CLANG_ENABLE_MODULES = YES;
				CLANG_ENABLE_OBJC_ARC = YES;
				CLANG_ENABLE_OBJC_WEAK = YES;
				CLANG_WARN_BLOCK_CAPTURE_AUTORELEASING = YES;
				CLANG_WARN_BOOL_CONVERSION = YES;
				CLANG_WARN_COMMA = YES;
				CLANG_WARN_CONSTANT_CONVERSION = YES;
				CLANG_WARN_DEPRECATED_OBJC_IMPLEMENTATIONS = YES;
				CLANG_WARN_DIRECT_OBJC_ISA_USAGE = YES_ERROR;
				CLANG_WARN_DOCUMENTATION_COMMENTS = YES;
				CLANG_WARN_EMPTY_BODY = YES;
				CLANG_WARN_ENUM_CONVERSION = YES;
				CLANG_WARN_INFINITE_RECURSION = YES;
				CLANG_WARN_INT_CONVERSION = YES;
				CLANG_WARN_NON_LITERAL_NULL_CONVERSION = YES;
				CLANG_WARN_OBJC_IMPLICIT_RETAIN_SELF = YES;
				CLANG_WARN_OBJC_LITERAL_CONVERSION = YES;
				CLANG_WARN_OBJC_ROOT_CLASS = YES_ERROR;
				CLANG_WARN_QUOTED_INCLUDE_IN_FRAMEWORK_HEADER = YES;
				CLANG_WARN_RANGE_LOOP_ANALYSIS = YES;
				CLANG_WARN_STRICT_PROTOTYPES = YES;
				CLANG_WARN_SUSPICIOUS_MOVE = YES;
				CLANG_WARN_UNGUARDED_AVAILABILITY = YES_AGGRESSIVE;
				CLANG_WARN_UNREACHABLE_CODE = YES;
				CLANG_WARN__DUPLICATE_METHOD_MATCH = YES;
				COPY_PHASE_STRIP = NO;
				DEBUG_INFORMATION_FORMAT = "dwarf-with-dsym";
				ENABLE_NS_ASSERTIONS = NO;
				ENABLE_STRICT_OBJC_MSGSEND = YES;
				GCC_C_LANGUAGE_STANDARD = gnu11;
				GCC_NO_COMMON_BLOCKS = YES;
				GCC_WARN_64_TO_32_BIT_CONVERSION = YES;
				GCC_WARN_ABOUT_RETURN_TYPE = YES_ERROR;
				GCC_WARN_UNDECLARED_SELECTOR = YES;
				GCC_WARN_UNINITIALIZED_AUTOS = YES_AGGRESSIVE;
				GCC_WARN_UNUSED_FUNCTION = YES;
				GCC_WARN_UNUSED_VARIABLE = YES;
				IPHONEOS_DEPLOYMENT_TARGET = 16.4;
				MTL_ENABLE_DEBUG_INFO = NO;
				MTL_FAST_MATH = YES;
				SDKROOT = iphoneos;
				SWIFT_COMPILATION_MODE = wholemodule;
				SWIFT_OPTIMIZATION_LEVEL = "-O";
				VALIDATE_PRODUCT = YES;
			};
			name = Release;
		};
		63A80BB82A287D0D00DEF60B /* Debug */ = {
			isa = XCBuildConfiguration;
			baseConfigurationReference = 50ABE3490325072B560D2A13 /* Pods-BBP.debug.xcconfig */;
			buildSettings = {
				ASSETCATALOG_COMPILER_APPICON_NAME = AppIcon;
				ASSETCATALOG_COMPILER_GLOBAL_ACCENT_COLOR_NAME = AccentColor;
				CODE_SIGN_STYLE = Automatic;
				CURRENT_PROJECT_VERSION = 1;
				DEVELOPMENT_TEAM = 7RN7MMGBVG;
				GENERATE_INFOPLIST_FILE = YES;
				INFOPLIST_FILE = BBP/Info.plist;
				INFOPLIST_KEY_UIApplicationSupportsIndirectInputEvents = YES;
				INFOPLIST_KEY_UILaunchStoryboardName = LaunchScreen;
				INFOPLIST_KEY_UIMainStoryboardFile = Main;
				INFOPLIST_KEY_UISupportedInterfaceOrientations_iPad = "UIInterfaceOrientationPortrait UIInterfaceOrientationPortraitUpsideDown UIInterfaceOrientationLandscapeLeft UIInterfaceOrientationLandscapeRight";
				INFOPLIST_KEY_UISupportedInterfaceOrientations_iPhone = "UIInterfaceOrientationPortrait UIInterfaceOrientationLandscapeLeft UIInterfaceOrientationLandscapeRight";
				LD_RUNPATH_SEARCH_PATHS = (
					"$(inherited)",
					"@executable_path/Frameworks",
				);
				MARKETING_VERSION = 1.0;
				PRODUCT_BUNDLE_IDENTIFIER = jarvis.BBP;
				PRODUCT_NAME = "$(TARGET_NAME)";
				SWIFT_EMIT_LOC_STRINGS = YES;
				SWIFT_VERSION = 5.0;
				TARGETED_DEVICE_FAMILY = "1,2";
			};
			name = Debug;
		};
		63A80BB92A287D0D00DEF60B /* Release */ = {
			isa = XCBuildConfiguration;
			baseConfigurationReference = A2BB31DA6F121AF85E5437C2 /* Pods-BBP.release.xcconfig */;
			buildSettings = {
				ASSETCATALOG_COMPILER_APPICON_NAME = AppIcon;
				ASSETCATALOG_COMPILER_GLOBAL_ACCENT_COLOR_NAME = AccentColor;
				CODE_SIGN_STYLE = Automatic;
				CURRENT_PROJECT_VERSION = 1;
				DEVELOPMENT_TEAM = 7RN7MMGBVG;
				GENERATE_INFOPLIST_FILE = YES;
				INFOPLIST_FILE = BBP/Info.plist;
				INFOPLIST_KEY_UIApplicationSupportsIndirectInputEvents = YES;
				INFOPLIST_KEY_UILaunchStoryboardName = LaunchScreen;
				INFOPLIST_KEY_UIMainStoryboardFile = Main;
				INFOPLIST_KEY_UISupportedInterfaceOrientations_iPad = "UIInterfaceOrientationPortrait UIInterfaceOrientationPortraitUpsideDown UIInterfaceOrientationLandscapeLeft UIInterfaceOrientationLandscapeRight";
				INFOPLIST_KEY_UISupportedInterfaceOrientations_iPhone = "UIInterfaceOrientationPortrait UIInterfaceOrientationLandscapeLeft UIInterfaceOrientationLandscapeRight";
				LD_RUNPATH_SEARCH_PATHS = (
					"$(inherited)",
					"@executable_path/Frameworks",
				);
				MARKETING_VERSION = 1.0;
				PRODUCT_BUNDLE_IDENTIFIER = jarvis.BBP;
				PRODUCT_NAME = "$(TARGET_NAME)";
				SWIFT_EMIT_LOC_STRINGS = YES;
				SWIFT_VERSION = 5.0;
				TARGETED_DEVICE_FAMILY = "1,2";
			};
			name = Release;
		};
/* End XCBuildConfiguration section */

/* Begin XCConfigurationList section */
		63A80B9E2A287D0C00DEF60B /* Build configuration list for PBXProject "BBP" */ = {
			isa = XCConfigurationList;
			buildConfigurations = (
				63A80BB52A287D0D00DEF60B /* Debug */,
				63A80BB62A287D0D00DEF60B /* Release */,
			);
			defaultConfigurationIsVisible = 0;
			defaultConfigurationName = Release;
		};
		63A80BB72A287D0D00DEF60B /* Build configuration list for PBXNativeTarget "BBP" */ = {
			isa = XCConfigurationList;
			buildConfigurations = (
				63A80BB82A287D0D00DEF60B /* Debug */,
				63A80BB92A287D0D00DEF60B /* Release */,
			);
			defaultConfigurationIsVisible = 0;
			defaultConfigurationName = Release;
		};
/* End XCConfigurationList section */
	};
	rootObject = 63A80B9B2A287D0C00DEF60B /* Project object */;
}
